
Microsoft Visual Studio Solution File, Format Version 12.00
# Visual Studio Version 17
VisualStudioVersion = 17.14.36310.24
MinimumVisualStudioVersion = 10.0.40219.1
Project("{FAE04EC0-301F-11D3-BF4B-00C04F79EFBC}") = "G1.Stripe.Maui.Demo", "G1.Stripe.Maui.Demo\G1.Stripe.Maui.Demo.csproj", "{3F801E12-8041-4DA2-B5CA-79E3B5756D6F}"
EndProject
Project("{FAE04EC0-301F-11D3-BF4B-00C04F79EFBC}") = "G1.Stripe.Maui.Demo.Api", "G1.Stripe.Maui.Demo.Api\G1.Stripe.Maui.Demo.Api.csproj", "{696A5385-AEE4-42BA-8BC3-3098EB89A752}"
EndProject
Global
	GlobalSection(SolutionConfigurationPlatforms) = preSolution
		Debug|Any CPU = Debug|Any CPU
		Release|Any CPU = Release|Any CPU
	EndGlobalSection
	GlobalSection(ProjectConfigurationPlatforms) = postSolution
		{3F801E12-8041-4DA2-B5CA-79E3B5756D6F}.Debug|Any CPU.ActiveCfg = Debug|Any CPU
		{3F801E12-8041-4DA2-B5CA-79E3B5756D6F}.Debug|Any CPU.Build.0 = Debug|Any CPU
		{3F801E12-8041-4DA2-B5CA-79E3B5756D6F}.Debug|Any CPU.Deploy.0 = Debug|Any CPU
		{3F801E12-8041-4DA2-B5CA-79E3B5756D6F}.Release|Any CPU.ActiveCfg = Release|Any CPU
		{3F801E12-8041-4DA2-B5CA-79E3B5756D6F}.Release|Any CPU.Build.0 = Release|Any CPU
		{696A5385-AEE4-42BA-8BC3-3098EB89A752}.Debug|Any CPU.ActiveCfg = Debug|Any CPU
		{696A5385-AEE4-42BA-8BC3-3098EB89A752}.Debug|Any CPU.Build.0 = Debug|Any CPU
		{696A5385-AEE4-42BA-8BC3-3098EB89A752}.Release|Any CPU.ActiveCfg = Release|Any CPU
		{696A5385-AEE4-42BA-8BC3-3098EB89A752}.Release|Any CPU.Build.0 = Release|Any CPU
	EndGlobalSection
	GlobalSection(SolutionProperties) = preSolution
		HideSolutionNode = FALSE
	EndGlobalSection
	GlobalSection(ExtensibilityGlobals) = postSolution
		SolutionGuid = {86F1AE95-3BD0-4F06-BAB4-33A8BCAB581F}
	EndGlobalSection
EndGlobal
