Microsoft Visual Studio Solution File, Format Version 12.00
# Visual Studio Version 17
VisualStudioVersion = 17.5.2.0
MinimumVisualStudioVersion = 10.0.40219.1
Project("{FAE04EC0-301F-11D3-BF4B-00C04F79EFBC}") = "G1.Stripe.Android.Bindings", "G1.Stripe.Android.Bindings\G1.Stripe.Android.Bindings.csproj", "{54E1748B-918F-6A9B-CD15-65F5FFEC9050}"
EndProject
Project("{FAE04EC0-301F-11D3-BF4B-00C04F79EFBC}") = "G1.Stripe.iOS.Bindings", "G1.Stripe.iOS.Bindings\G1.Stripe.iOS.Bindings.csproj", "{42B46828-E86A-5F83-F798-01907E31ABC9}"
EndProject
Project("{FAE04EC0-301F-11D3-BF4B-00C04F79EFBC}") = "G1.Stripe.Maui", "G1.Stripe.Maui\G1.Stripe.Maui.csproj", "{4F0B8F72-FB3B-02D0-DCDF-59073754FF1B}"
EndProject
Global
	GlobalSection(SolutionConfigurationPlatforms) = preSolution
		Debug|Any CPU = Debug|Any CPU
		Release|Any CPU = Release|Any CPU
	EndGlobalSection
	GlobalSection(ProjectConfigurationPlatforms) = postSolution
		{54E1748B-918F-6A9B-CD15-65F5FFEC9050}.Debug|Any CPU.ActiveCfg = Debug|Any CPU
		{54E1748B-918F-6A9B-CD15-65F5FFEC9050}.Debug|Any CPU.Build.0 = Debug|Any CPU
		{54E1748B-918F-6A9B-CD15-65F5FFEC9050}.Release|Any CPU.ActiveCfg = Release|Any CPU
		{54E1748B-918F-6A9B-CD15-65F5FFEC9050}.Release|Any CPU.Build.0 = Release|Any CPU
		{42B46828-E86A-5F83-F798-01907E31ABC9}.Debug|Any CPU.ActiveCfg = Debug|Any CPU
		{42B46828-E86A-5F83-F798-01907E31ABC9}.Debug|Any CPU.Build.0 = Debug|Any CPU
		{42B46828-E86A-5F83-F798-01907E31ABC9}.Release|Any CPU.ActiveCfg = Release|Any CPU
		{42B46828-E86A-5F83-F798-01907E31ABC9}.Release|Any CPU.Build.0 = Release|Any CPU
		{4F0B8F72-FB3B-02D0-DCDF-59073754FF1B}.Debug|Any CPU.ActiveCfg = Debug|Any CPU
		{4F0B8F72-FB3B-02D0-DCDF-59073754FF1B}.Debug|Any CPU.Build.0 = Debug|Any CPU
		{4F0B8F72-FB3B-02D0-DCDF-59073754FF1B}.Release|Any CPU.ActiveCfg = Release|Any CPU
		{4F0B8F72-FB3B-02D0-DCDF-59073754FF1B}.Release|Any CPU.Build.0 = Release|Any CPU
	EndGlobalSection
	GlobalSection(SolutionProperties) = preSolution
		HideSolutionNode = FALSE
	EndGlobalSection
	GlobalSection(ExtensibilityGlobals) = postSolution
		SolutionGuid = {2055C0B4-D129-4AD2-99CB-4A0DDBCA32A4}
	EndGlobalSection
EndGlobal
